// !$*UTF8*$!
{
	archiveVersion = 1;
	classes = {
	};
	objectVersion = 50;
	objects = {

/* Begin PBXBuildFile section */
		0BD88A9923C16AD000CED4F9 /* AppDelegate.swift in Sources */ = {isa = PBXBuildFile; fileRef = 0BD88A9823C16AD000CED4F9 /* AppDelegate.swift */; };
		0BD88A9B23C16AD000CED4F9 /* SceneDelegate.swift in Sources */ = {isa = PBXBuildFile; fileRef = 0BD88A9A23C16AD000CED4F9 /* SceneDelegate.swift */; };
		0BD88A9D23C16AD000CED4F9 /* ViewController.swift in Sources */ = {isa = PBXBuildFile; fileRef = 0BD88A9C23C16AD000CED4F9 /* ViewController.swift */; };
		0BD88AA023C16AD000CED4F9 /* Main.storyboard in Resources */ = {isa = PBXBuildFile; fileRef = 0BD88A9E23C16AD000CED4F9 /* Main.storyboard */; };
		0BD88AA223C16AD100CED4F9 /* Assets.xcassets in Resources */ = {isa = PBXBuildFile; fileRef = 0BD88AA123C16AD100CED4F9 /* Assets.xcassets */; };
		0BD88AA523C16AD100CED4F9 /* LaunchScreen.storyboard in Resources */ = {isa = PBXBuildFile; fileRef = 0BD88AA323C16AD100CED4F9 /* LaunchScreen.storyboard */; };
		0BD88AB023C16AD200CED4F9 /* arkitdemoTests.swift in Sources */ = {isa = PBXBuildFile; fileRef = 0BD88AAF23C16AD200CED4F9 /* arkitdemoTests.swift */; };
/* End PBXBuildFile section */

/* Begin PBXContainerItemProxy section */
		0BD88AAC23C16AD200CED4F9 /* PBXContainerItemProxy */ = {
			isa = PBXContainerItemProxy;
			containerPortal = 0BD88A8D23C16ACF00CED4F9 /* Project object */;
			proxyType = 1;
			remoteGlobalIDString = 0BD88A9423C16ACF00CED4F9;
			remoteInfo = arkitdemo;
		};
/* End PBXContainerItemProxy section */

/* Begin PBXFileReference section */
		0BD88A9523C16AD000CED4F9 /* arkitdemo.app */ = {isa = PBXFileReference; explicitFileType = wrapper.application; includeInIndex = 0; path = arkitdemo.app; sourceTree = BUILT_PRODUCTS_DIR; };
		0BD88A9823C16AD000CED4F9 /* AppDelegate.swift */ = {isa = PBXFileReference; lastKnownFileType = sourcecode.swift; path = AppDelegate.swift; sourceTree = "<group>"; };
		0BD88A9A23C16AD000CED4F9 /* SceneDelegate.swift */ = {isa = PBXFileReference; lastKnownFileType = sourcecode.swift; path = SceneDelegate.swift; sourceTree = "<group>"; };
		0BD88A9C23C16AD000CED4F9 /* ViewController.swift */ = {isa = PBXFileReference; lastKnownFileType = sourcecode.swift; path = ViewController.swift; sourceTree = "<group>"; };
		0BD88A9F23C16AD000CED4F9 /* Base */ = {isa = PBXFileReference; lastKnownFileType = file.storyboard; name = Base; path = Base.lproj/Main.storyboard; sourceTree = "<group>"; };
		0BD88AA123C16AD100CED4F9 /* Assets.xcassets */ = {isa = PBXFileReference; lastKnownFileType = folder.assetcatalog; path = Assets.xcassets; sourceTree = "<group>"; };
		0BD88AA423C16AD100CED4F9 /* Base */ = {isa = PBXFileReference; lastKnownFileType = file.storyboard; name = Base; path = Base.lproj/LaunchScreen.storyboard; sourceTree = "<group>"; };
		0BD88AA623C16AD100CED4F9 /* Info.plist */ = {isa = PBXFileReference; lastKnownFileType = text.plist.xml; path = Info.plist; sourceTree = "<group>"; };
		0BD88AAB23C16AD200CED4F9 /* arkitdemoTests.xctest */ = {isa = PBXFileReference; explicitFileType = wrapper.cfbundle; includeInIndex = 0; path = arkitdemoTests.xctest; sourceTree = BUILT_PRODUCTS_DIR; };
		0BD88AAF23C16AD200CED4F9 /* arkitdemoTests.swift */ = {isa = PBXFileReference; lastKnownFileType = sourcecode.swift; path = arkitdemoTests.swift; sourceTree = "<group>"; };
		0BD88AB123C16AD200CED4F9 /* Info.plist */ = {isa = PBXFileReference; lastKnownFileType = text.plist.xml; path = Info.plist; sourceTree = "<group>"; };
/* End PBXFileReference section */

/* Begin PBXFrameworksBuildPhase section */
		0BD88A9223C16ACF00CED4F9 /* Frameworks */ = {
			isa = PBXFrameworksBuildPhase;
			buildActionMask = 2147483647;
			files = (
			);
			runOnlyForDeploymentPostprocessing = 0;
		};
		0BD88AA823C16AD200CED4F9 /* Frameworks */ = {
			isa = PBXFrameworksBuildPhase;
			buildActionMask = 2147483647;
			files = (
			);
			runOnlyForDeploymentPostprocessing = 0;
		};
/* End PBXFrameworksBuildPhase section */

/* Begin PBXGroup section */
		0BD88A8C23C16ACF00CED4F9 = {
			isa = PBXGroup;
			children = (
				0BD88A9723C16AD000CED4F9 /* arkitdemo */,
				0BD88AAE23C16AD200CED4F9 /* arkitdemoTests */,
				0BD88A9623C16AD000CED4F9 /* Products */,
			);
			sourceTree = "<group>";
		};
		0BD88A9623C16AD000CED4F9 /* Products */ = {
			isa = PBXGroup;
			children = (
				0BD88A9523C16AD000CED4F9 /* arkitdemo.app */,
				0BD88AAB23C16AD200CED4F9 /* arkitdemoTests.xctest */,
			);
			name = Products;
			sourceTree = "<group>";
		};
		0BD88A9723C16AD000CED4F9 /* arkitdemo */ = {
			isa = PBXGroup;
			children = (
				0BD88A9823C16AD000CED4F9 /* AppDelegate.swift */,
				0BD88A9A23C16AD000CED4F9 /* SceneDelegate.swift */,
				0BD88A9C23C16AD000CED4F9 /* ViewController.swift */,
				0BD88A9E23C16AD000CED4F9 /* Main.storyboard */,
				0BD88AA123C16AD100CED4F9 /* Assets.xcassets */,
				0BD88AA323C16AD100CED4F9 /* LaunchScreen.storyboard */,
				0BD88AA623C16AD100CED4F9 /* Info.plist */,
			);
			path = arkitdemo;
			sourceTree = "<group>";
		};
		0BD88AAE23C16AD200CED4F9 /* arkitdemoTests */ = {
			isa = PBXGroup;
			children = (
				0BD88AAF23C16AD200CED4F9 /* arkitdemoTests.swift */,
				0BD88AB123C16AD200CED4F9 /* Info.plist */,
			);
			path = arkitdemoTests;
			sourceTree = "<group>";
		};
/* End PBXGroup section */

/* Begin PBXNativeTarget section */
		0BD88A9423C16ACF00CED4F9 /* arkitdemo */ = {
			isa = PBXNativeTarget;
			buildConfigurationList = 0BD88AB423C16AD200CED4F9 /* Build configuration list for PBXNativeTarget "arkitdemo" */;
			buildPhases = (
				0BD88A9123C16ACF00CED4F9 /* Sources */,
				0BD88A9223C16ACF00CED4F9 /* Frameworks */,
				0BD88A9323C16ACF00CED4F9 /* Resources */,
			);
			buildRules = (
			);
			dependencies = (
			);
			name = arkitdemo;
			productName = arkitdemo;
			productReference = 0BD88A9523C16AD000CED4F9 /* arkitdemo.app */;
			productType = "com.apple.product-type.application";
		};
		0BD88AAA23C16AD200CED4F9 /* arkitdemoTests */ = {
			isa = PBXNativeTarget;
			buildConfigurationList = 0BD88AB723C16AD200CED4F9 /* Build configuration list for PBXNativeTarget "arkitdemoTests" */;
			buildPhases = (
				0BD88AA723C16AD200CED4F9 /* Sources */,
				0BD88AA823C16AD200CED4F9 /* Frameworks */,
				0BD88AA923C16AD200CED4F9 /* Resources */,
			);
			buildRules = (
			);
			dependencies = (
				0BD88AAD23C16AD200CED4F9 /* PBXTargetDependency */,
			);
			name = arkitdemoTests;
			productName = arkitdemoTests;
			productReference = 0BD88AAB23C16AD200CED4F9 /* arkitdemoTests.xctest */;
			productType = "com.apple.product-type.bundle.unit-test";
		};
/* End PBXNativeTarget section */

/* Begin PBXProject section */
		0BD88A8D23C16ACF00CED4F9 /* Project object */ = {
			isa = PBXProject;
			attributes = {
				LastSwiftUpdateCheck = 1130;
				LastUpgradeCheck = 1130;
				ORGANIZATIONNAME = "Ahad Islam";
				TargetAttributes = {
					0BD88A9423C16ACF00CED4F9 = {
						CreatedOnToolsVersion = 11.3;
					};
					0BD88AAA23C16AD200CED4F9 = {
						CreatedOnToolsVersion = 11.3;
						TestTargetID = 0BD88A9423C16ACF00CED4F9;
					};
				};
			};
			buildConfigurationList = 0BD88A9023C16ACF00CED4F9 /* Build configuration list for PBXProject "arkitdemo" */;
			compatibilityVersion = "Xcode 9.3";
			developmentRegion = en;
			hasScannedForEncodings = 0;
			knownRegions = (
				en,
				Base,
			);
			mainGroup = 0BD88A8C23C16ACF00CED4F9;
			productRefGroup = 0BD88A9623C16AD000CED4F9 /* Products */;
			projectDirPath = "";
			projectRoot = "";
			targets = (
				0BD88A9423C16ACF00CED4F9 /* arkitdemo */,
				0BD88AAA23C16AD200CED4F9 /* arkitdemoTests */,
			);
		};
/* End PBXProject section */

/* Begin PBXResourcesBuildPhase section */
		0BD88A9323C16ACF00CED4F9 /* Resources */ = {
			isa = PBXResourcesBuildPhase;
			buildActionMask = 2147483647;
			files = (
				0BD88AA523C16AD100CED4F9 /* LaunchScreen.storyboard in Resources */,
				0BD88AA223C16AD100CED4F9 /* Assets.xcassets in Resources */,
				0BD88AA023C16AD000CED4F9 /* Main.storyboard in Resources */,
			);
			runOnlyForDeploymentPostprocessing = 0;
		};
		0BD88AA923C16AD200CED4F9 /* Resources */ = {
			isa = PBXResourcesBuildPhase;
			buildActionMask = 2147483647;
			files = (
			);
			runOnlyForDeploymentPostprocessing = 0;
		};
/* End PBXResourcesBuildPhase section */

/* Begin PBXSourcesBuildPhase section */
		0BD88A9123C16ACF00CED4F9 /* Sources */ = {
			isa = PBXSourcesBuildPhase;
			buildActionMask = 2147483647;
			files = (
				0BD88A9D23C16AD000CED4F9 /* ViewController.swift in Sources */,
				0BD88A9923C16AD000CED4F9 /* AppDelegate.swift in Sources */,
				0BD88A9B23C16AD000CED4F9 /* SceneDelegate.swift in Sources */,
			);
			runOnlyForDeploymentPostprocessing = 0;
		};
		0BD88AA723C16AD200CED4F9 /* Sources */ = {
			isa = PBXSourcesBuildPhase;
			buildActionMask = 2147483647;
			files = (
				0BD88AB023C16AD200CED4F9 /* arkitdemoTests.swift in Sources */,
			);
			runOnlyForDeploymentPostprocessing = 0;
		};
/* End PBXSourcesBuildPhase section */

/* Begin PBXTargetDependency section */
		0BD88AAD23C16AD200CED4F9 /* PBXTargetDependency */ = {
			isa = PBXTargetDependency;
			target = 0BD88A9423C16ACF00CED4F9 /* arkitdemo */;
			targetProxy = 0BD88AAC23C16AD200CED4F9 /* PBXContainerItemProxy */;
		};
/* End PBXTargetDependency section */

/* Begin PBXVariantGroup section */
		0BD88A9E23C16AD000CED4F9 /* Main.storyboard */ = {
			isa = PBXVariantGroup;
			children = (
				0BD88A9F23C16AD000CED4F9 /* Base */,
			);
			name = Main.storyboard;
			sourceTree = "<group>";
		};
		0BD88AA323C16AD100CED4F9 /* LaunchScreen.storyboard */ = {
			isa = PBXVariantGroup;
			children = (
				0BD88AA423C16AD100CED4F9 /* Base */,
			);
			name = LaunchScreen.storyboard;
			sourceTree = "<group>";
		};
/* End PBXVariantGroup section */

/* Begin XCBuildConfiguration section */
		0BD88AB223C16AD200CED4F9 /* Debug */ = {
			isa = XCBuildConfiguration;
			buildSettings = {
				ALWAYS_SEARCH_USER_PATHS = NO;
				CLANG_ANALYZER_NONNULL = YES;
				CLANG_ANALYZER_NUMBER_OBJECT_CONVERSION = YES_AGGRESSIVE;
				CLANG_CXX_LANGUAGE_STANDARD = "gnu++14";
				CLANG_CXX_LIBRARY = "libc++";
				CLANG_ENABLE_MODULES = YES;
				CLANG_ENABLE_OBJC_ARC = YES;
				CLANG_ENABLE_OBJC_WEAK = YES;
				CLANG_WARN_BLOCK_CAPTURE_AUTORELEASING = YES;
				CLANG_WARN_BOOL_CONVERSION = YES;
				CLANG_WARN_COMMA = YES;
				CLANG_WARN_CONSTANT_CONVERSION = YES;
				CLANG_WARN_DEPRECATED_OBJC_IMPLEMENTATIONS = YES;
				CLANG_WARN_DIRECT_OBJC_ISA_USAGE = YES_ERROR;
				CLANG_WARN_DOCUMENTATION_COMMENTS = YES;
				CLANG_WARN_EMPTY_BODY = YES;
				CLANG_WARN_ENUM_CONVERSION = YES;
				CLANG_WARN_INFINITE_RECURSION = YES;
				CLANG_WARN_INT_CONVERSION = YES;
				CLANG_WARN_NON_LITERAL_NULL_CONVERSION = YES;
				CLANG_WARN_OBJC_IMPLICIT_RETAIN_SELF = YES;
				CLANG_WARN_OBJC_LITERAL_CONVERSION = YES;
				CLANG_WARN_OBJC_ROOT_CLASS = YES_ERROR;
				CLANG_WARN_RANGE_LOOP_ANALYSIS = YES;
				CLANG_WARN_STRICT_PROTOTYPES = YES;
				CLANG_WARN_SUSPICIOUS_MOVE = YES;
				CLANG_WARN_UNGUARDED_AVAILABILITY = YES_AGGRESSIVE;
				CLANG_WARN_UNREACHABLE_CODE = YES;
				CLANG_WARN__DUPLICATE_METHOD_MATCH = YES;
				COPY_PHASE_STRIP = NO;
				DEBUG_INFORMATION_FORMAT = dwarf;
				ENABLE_STRICT_OBJC_MSGSEND = YES;
				ENABLE_TESTABILITY = YES;
				GCC_C_LANGUAGE_STANDARD = gnu11;
				GCC_DYNAMIC_NO_PIC = NO;
				GCC_NO_COMMON_BLOCKS = YES;
				GCC_OPTIMIZATION_LEVEL = 0;
				GCC_PREPROCESSOR_DEFINITIONS = (
					"DEBUG=1",
					"$(inherited)",
				);
				GCC_WARN_64_TO_32_BIT_CONVERSION = YES;
				GCC_WARN_ABOUT_RETURN_TYPE = YES_ERROR;
				GCC_WARN_UNDECLARED_SELECTOR = YES;
				GCC_WARN_UNINITIALIZED_AUTOS = YES_AGGRESSIVE;
				GCC_WARN_UNUSED_FUNCTION = YES;
				GCC_WARN_UNUSED_VARIABLE = YES;
				IPHONEOS_DEPLOYMENT_TARGET = 13.2;
				MTL_ENABLE_DEBUG_INFO = INCLUDE_SOURCE;
				MTL_FAST_MATH = YES;
				ONLY_ACTIVE_ARCH = YES;
				SDKROOT = iphoneos;
				SWIFT_ACTIVE_COMPILATION_CONDITIONS = DEBUG;
				SWIFT_OPTIMIZATION_LEVEL = "-Onone";
			};
			name = Debug;
		};
		0BD88AB323C16AD200CED4F9 /* Release */ = {
			isa = XCBuildConfiguration;
			buildSettings = {
				ALWAYS_SEARCH_USER_PATHS = NO;
				CLANG_ANALYZER_NONNULL = YES;
				CLANG_ANALYZER_NUMBER_OBJECT_CONVERSION = YES_AGGRESSIVE;
				CLANG_CXX_LANGUAGE_STANDARD = "gnu++14";
				CLANG_CXX_LIBRARY = "libc++";
				CLANG_ENABLE_MODULES = YES;
				CLANG_ENABLE_OBJC_ARC = YES;
				CLANG_ENABLE_OBJC_WEAK = YES;
				CLANG_WARN_BLOCK_CAPTURE_AUTORELEASING = YES;
				CLANG_WARN_BOOL_CONVERSION = YES;
				CLANG_WARN_COMMA = YES;
				CLANG_WARN_CONSTANT_CONVERSION = YES;
				CLANG_WARN_DEPRECATED_OBJC_IMPLEMENTATIONS = YES;
				CLANG_WARN_DIRECT_OBJC_ISA_USAGE = YES_ERROR;
				CLANG_WARN_DOCUMENTATION_COMMENTS = YES;
				CLANG_WARN_EMPTY_BODY = YES;
				CLANG_WARN_ENUM_CONVERSION = YES;
				CLANG_WARN_INFINITE_RECURSION = YES;
				CLANG_WARN_INT_CONVERSION = YES;
				CLANG_WARN_NON_LITERAL_NULL_CONVERSION = YES;
				CLANG_WARN_OBJC_IMPLICIT_RETAIN_SELF = YES;
				CLANG_WARN_OBJC_LITERAL_CONVERSION = YES;
				CLANG_WARN_OBJC_ROOT_CLASS = YES_ERROR;
				CLANG_WARN_RANGE_LOOP_ANALYSIS = YES;
				CLANG_WARN_STRICT_PROTOTYPES = YES;
				CLANG_WARN_SUSPICIOUS_MOVE = YES;
				CLANG_WARN_UNGUARDED_AVAILABILITY = YES_AGGRESSIVE;
				CLANG_WARN_UNREACHABLE_CODE = YES;
				CLANG_WARN__DUPLICATE_METHOD_MATCH = YES;
				COPY_PHASE_STRIP = NO;
				DEBUG_INFORMATION_FORMAT = "dwarf-with-dsym";
				ENABLE_NS_ASSERTIONS = NO;
				ENABLE_STRICT_OBJC_MSGSEND = YES;
				GCC_C_LANGUAGE_STANDARD = gnu11;
				GCC_NO_COMMON_BLOCKS = YES;
				GCC_WARN_64_TO_32_BIT_CONVERSION = YES;
				GCC_WARN_ABOUT_RETURN_TYPE = YES_ERROR;
				GCC_WARN_UNDECLARED_SELECTOR = YES;
				GCC_WARN_UNINITIALIZED_AUTOS = YES_AGGRESSIVE;
				GCC_WARN_UNUSED_FUNCTION = YES;
				GCC_WARN_UNUSED_VARIABLE = YES;
				IPHONEOS_DEPLOYMENT_TARGET = 13.2;
				MTL_ENABLE_DEBUG_INFO = NO;
				MTL_FAST_MATH = YES;
				SDKROOT = iphoneos;
				SWIFT_COMPILATION_MODE = wholemodule;
				SWIFT_OPTIMIZATION_LEVEL = "-O";
				VALIDATE_PRODUCT = YES;
			};
			name = Release;
		};
		0BD88AB523C16AD200CED4F9 /* Debug */ = {
			isa = XCBuildConfiguration;
			buildSettings = {
				ASSETCATALOG_COMPILER_APPICON_NAME = AppIcon;
				CODE_SIGN_STYLE = Automatic;
				DEVELOPMENT_TEAM = 4MS4J77WTY;
				INFOPLIST_FILE = arkitdemo/Info.plist;
				LD_RUNPATH_SEARCH_PATHS = (
					"$(inherited)",
					"@executable_path/Frameworks",
				);
				PRODUCT_BUNDLE_IDENTIFIER = com.ahadislam.arkitdemo;
				PRODUCT_NAME = "$(TARGET_NAME)";
				SWIFT_VERSION = 5.0;
				TARGETED_DEVICE_FAMILY = "1,2";
			};
			name = Debug;
		};
		0BD88AB623C16AD200CED4F9 /* Release */ = {
			isa = XCBuildConfiguration;
			buildSettings = {
				ASSETCATALOG_COMPILER_APPICON_NAME = AppIcon;
				CODE_SIGN_STYLE = Automatic;
				DEVELOPMENT_TEAM = 4MS4J77WTY;
				INFOPLIST_FILE = arkitdemo/Info.plist;
				LD_RUNPATH_SEARCH_PATHS = (
					"$(inherited)",
					"@executable_path/Frameworks",
				);
				PRODUCT_BUNDLE_IDENTIFIER = com.ahadislam.arkitdemo;
				PRODUCT_NAME = "$(TARGET_NAME)";
				SWIFT_VERSION = 5.0;
				TARGETED_DEVICE_FAMILY = "1,2";
			};
			name = Release;
		};
		0BD88AB823C16AD200CED4F9 /* Debug */ = {
			isa = XCBuildConfiguration;
			buildSettings = {
				ALWAYS_EMBED_SWIFT_STANDARD_LIBRARIES = YES;
				BUNDLE_LOADER = "$(TEST_HOST)";
				CODE_SIGN_STYLE = Automatic;
				DEVELOPMENT_TEAM = 4MS4J77WTY;
				INFOPLIST_FILE = arkitdemoTests/Info.plist;
				IPHONEOS_DEPLOYMENT_TARGET = 13.2;
				LD_RUNPATH_SEARCH_PATHS = (
					"$(inherited)",
					"@executable_path/Frameworks",
					"@loader_path/Frameworks",
				);
				PRODUCT_BUNDLE_IDENTIFIER = com.ahadislam.arkitdemoTests;
				PRODUCT_NAME = "$(TARGET_NAME)";
				SWIFT_VERSION = 5.0;
				TARGETED_DEVICE_FAMILY = "1,2";
				TEST_HOST = "$(BUILT_PRODUCTS_DIR)/arkitdemo.app/arkitdemo";
			};
			name = Debug;
		};
		0BD88AB923C16AD200CED4F9 /* Release */ = {
			isa = XCBuildConfiguration;
			buildSettings = {
				ALWAYS_EMBED_SWIFT_STANDARD_LIBRARIES = YES;
				BUNDLE_LOADER = "$(TEST_HOST)";
				CODE_SIGN_STYLE = Automatic;
				DEVELOPMENT_TEAM = 4MS4J77WTY;
				INFOPLIST_FILE = arkitdemoTests/Info.plist;
				IPHONEOS_DEPLOYMENT_TARGET = 13.2;
				LD_RUNPATH_SEARCH_PATHS = (
					"$(inherited)",
					"@executable_path/Frameworks",
					"@loader_path/Frameworks",
				);
				PRODUCT_BUNDLE_IDENTIFIER = com.ahadislam.arkitdemoTests;
				PRODUCT_NAME = "$(TARGET_NAME)";
				SWIFT_VERSION = 5.0;
				TARGETED_DEVICE_FAMILY = "1,2";
				TEST_HOST = "$(BUILT_PRODUCTS_DIR)/arkitdemo.app/arkitdemo";
			};
			name = Release;
		};
/* End XCBuildConfiguration section */

/* Begin XCConfigurationList section */
		0BD88A9023C16ACF00CED4F9 /* Build configuration list for PBXProject "arkitdemo" */ = {
			isa = XCConfigurationList;
			buildConfigurations = (
				0BD88AB223C16AD200CED4F9 /* Debug */,
				0BD88AB323C16AD200CED4F9 /* Release */,
			);
			defaultConfigurationIsVisible = 0;
			defaultConfigurationName = Release;
		};
		0BD88AB423C16AD200CED4F9 /* Build configuration list for PBXNativeTarget "arkitdemo" */ = {
			isa = XCConfigurationList;
			buildConfigurations = (
				0BD88AB523C16AD200CED4F9 /* Debug */,
				0BD88AB623C16AD200CED4F9 /* Release */,
			);
			defaultConfigurationIsVisible = 0;
			defaultConfigurationName = Release;
		};
		0BD88AB723C16AD200CED4F9 /* Build configuration list for PBXNativeTarget "arkitdemoTests" */ = {
			isa = XCConfigurationList;
			buildConfigurations = (
				0BD88AB823C16AD200CED4F9 /* Debug */,
				0BD88AB923C16AD200CED4F9 /* Release */,
			);
			defaultConfigurationIsVisible = 0;
			defaultConfigurationName = Release;
		};
/* End XCConfigurationList section */
	};
	rootObject = 0BD88A8D23C16ACF00CED4F9 /* Project object */;
}
